
Microsoft Visual Studio Solution File, Format Version 12.00
# Visual Studio Version 17
VisualStudioVersion = 17.9.34310.174
MinimumVisualStudioVersion = 10.0.40219.1
Project("{FAE04EC0-301F-11D3-BF4B-00C04F79EFBC}") = "PhoneBook_Тепляков", "PhoneBook_Тепляков\PhoneBook_Тепляков.csproj", "{3299186C-C974-4ECF-A7E8-1B75732E21F2}"
EndProject
Project("{FAE04EC0-301F-11D3-BF4B-00C04F79EFBC}") = "ClassModule", "ClassModule\ClassModule.csproj", "{9944884B-AC16-42C7-9801-02C004027F85}"
EndProject
Global
	GlobalSection(SolutionConfigurationPlatforms) = preSolution
		Debug|Any CPU = Debug|Any CPU
		Release|Any CPU = Release|Any CPU
	EndGlobalSection
	GlobalSection(ProjectConfigurationPlatforms) = postSolution
		{3299186C-C974-4ECF-A7E8-1B75732E21F2}.Debug|Any CPU.ActiveCfg = Debug|Any CPU
		{3299186C-C974-4ECF-A7E8-1B75732E21F2}.Debug|Any CPU.Build.0 = Debug|Any CPU
		{3299186C-C974-4ECF-A7E8-1B75732E21F2}.Release|Any CPU.ActiveCfg = Release|Any CPU
		{3299186C-C974-4ECF-A7E8-1B75732E21F2}.Release|Any CPU.Build.0 = Release|Any CPU
		{9944884B-AC16-42C7-9801-02C004027F85}.Debug|Any CPU.ActiveCfg = Debug|Any CPU
		{9944884B-AC16-42C7-9801-02C004027F85}.Debug|Any CPU.Build.0 = Debug|Any CPU
		{9944884B-AC16-42C7-9801-02C004027F85}.Release|Any CPU.ActiveCfg = Release|Any CPU
		{9944884B-AC16-42C7-9801-02C004027F85}.Release|Any CPU.Build.0 = Release|Any CPU
	EndGlobalSection
	GlobalSection(SolutionProperties) = preSolution
		HideSolutionNode = FALSE
	EndGlobalSection
	GlobalSection(ExtensibilityGlobals) = postSolution
		SolutionGuid = {F829B557-1266-4E22-959B-990DB9BFF565}
	EndGlobalSection
EndGlobal
